NeoBundleLock jedi-vim 6411de0cd1d2a2959f5a0bf977b3f8ecea2209d0
NeoBundleLock neobundle.vim c6fa48cd665071b7a4dbf5ab53f48cd5884716ee
NeoBundleLock neomru.vim 0e615a8b92eff04121d76cddfa2386abf6992188
NeoBundleLock nerdtree e2a9929bbea0ec2050f2ea44b7e7bae3ccac66e6
NeoBundleLock syntastic e1161a723a353db99780f9a9351340df7abbb106
NeoBundleLock unite.vim ad15f96365b5cb43a45d0ca779df6a497f954f15
